// !$*UTF8*$!
{
	archiveVersion = 1;
	classes = {
	};
	objectVersion = 46;
	objects = {

/* Begin PBXBuildFile section */
		36D7E8DD17A57B8400885160 /* Cocoa.framework in Frameworks */ = {isa = PBXBuildFile; fileRef = 36D7E8DC17A57B8400885160 /* Cocoa.framework */; };
		36D7E8E717A57B8400885160 /* InfoPlist.strings in Resources */ = {isa = PBXBuildFile; fileRef = 36D7E8E517A57B8400885160 /* InfoPlist.strings */; };
		36D7E8E917A57B8400885160 /* main.m in Sources */ = {isa = PBXBuildFile; fileRef = 36D7E8E817A57B8400885160 /* main.m */; };
		36D7E8ED17A57B8400885160 /* Credits.rtf in Resources */ = {isa = PBXBuildFile; fileRef = 36D7E8EB17A57B8400885160 /* Credits.rtf */; };
		36D7E8F017A57B8400885160 /* AppDelegate.m in Sources */ = {isa = PBXBuildFile; fileRef = 36D7E8EF17A57B8400885160 /* AppDelegate.m */; };
		36D7E8F317A57B8400885160 /* MainMenu.xib in Resources */ = {isa = PBXBuildFile; fileRef = 36D7E8F117A57B8400885160 /* MainMenu.xib */; };
/* End PBXBuildFile section */

/* Begin PBXFileReference section */
		36D7E8D917A57B8400885160 /* SendKeysSample.app */ = {isa = PBXFileReference; explicitFileType = wrapper.application; includeInIndex = 0; path = SendKeysSample.app; sourceTree = BUILT_PRODUCTS_DIR; };
		36D7E8DC17A57B8400885160 /* Cocoa.framework */ = {isa = PBXFileReference; lastKnownFileType = wrapper.framework; name = Cocoa.framework; path = System/Library/Frameworks/Cocoa.framework; sourceTree = SDKROOT; };
		36D7E8DF17A57B8400885160 /* AppKit.framework */ = {isa = PBXFileReference; lastKnownFileType = wrapper.framework; name = AppKit.framework; path = System/Library/Frameworks/AppKit.framework; sourceTree = SDKROOT; };
		36D7E8E017A57B8400885160 /* CoreData.framework */ = {isa = PBXFileReference; lastKnownFileType = wrapper.framework; name = CoreData.framework; path = System/Library/Frameworks/CoreData.framework; sourceTree = SDKROOT; };
		36D7E8E117A57B8400885160 /* Foundation.framework */ = {isa = PBXFileReference; lastKnownFileType = wrapper.framework; name = Foundation.framework; path = System/Library/Frameworks/Foundation.framework; sourceTree = SDKROOT; };
		36D7E8E417A57B8400885160 /* SendKeysSample-Info.plist */ = {isa = PBXFileReference; lastKnownFileType = text.plist.xml; path = "SendKeysSample-Info.plist"; sourceTree = "<group>"; };
		36D7E8E617A57B8400885160 /* en */ = {isa = PBXFileReference; lastKnownFileType = text.plist.strings; name = en; path = en.lproj/InfoPlist.strings; sourceTree = "<group>"; };
		36D7E8E817A57B8400885160 /* main.m */ = {isa = PBXFileReference; lastKnownFileType = sourcecode.c.objc; path = main.m; sourceTree = "<group>"; };
		36D7E8EA17A57B8400885160 /* SendKeysSample-Prefix.pch */ = {isa = PBXFileReference; lastKnownFileType = sourcecode.c.h; path = "SendKeysSample-Prefix.pch"; sourceTree = "<group>"; };
		36D7E8EC17A57B8400885160 /* en */ = {isa = PBXFileReference; lastKnownFileType = text.rtf; name = en; path = en.lproj/Credits.rtf; sourceTree = "<group>"; };
		36D7E8EE17A57B8400885160 /* AppDelegate.h */ = {isa = PBXFileReference; lastKnownFileType = sourcecode.c.h; path = AppDelegate.h; sourceTree = "<group>"; };
		36D7E8EF17A57B8400885160 /* AppDelegate.m */ = {isa = PBXFileReference; lastKnownFileType = sourcecode.c.objc; path = AppDelegate.m; sourceTree = "<group>"; };
		36D7E8F217A57B8400885160 /* en */ = {isa = PBXFileReference; lastKnownFileType = file.xib; name = en; path = en.lproj/MainMenu.xib; sourceTree = "<group>"; };
/* End PBXFileReference section */

/* Begin PBXFrameworksBuildPhase section */
		36D7E8D617A57B8400885160 /* Frameworks */ = {
			isa = PBXFrameworksBuildPhase;
			buildActionMask = 2147483647;
			files = (
				36D7E8DD17A57B8400885160 /* Cocoa.framework in Frameworks */,
			);
			runOnlyForDeploymentPostprocessing = 0;
		};
/* End PBXFrameworksBuildPhase section */

/* Begin PBXGroup section */
		36D7E8D017A57B8400885160 = {
			isa = PBXGroup;
			children = (
				36D7E8E217A57B8400885160 /* SendKeysSample */,
				36D7E8DB17A57B8400885160 /* Frameworks */,
				36D7E8DA17A57B8400885160 /* Products */,
			);
			sourceTree = "<group>";
		};
		36D7E8DA17A57B8400885160 /* Products */ = {
			isa = PBXGroup;
			children = (
				36D7E8D917A57B8400885160 /* SendKeysSample.app */,
			);
			name = Products;
			sourceTree = "<group>";
		};
		36D7E8DB17A57B8400885160 /* Frameworks */ = {
			isa = PBXGroup;
			children = (
				36D7E8DC17A57B8400885160 /* Cocoa.framework */,
				36D7E8DE17A57B8400885160 /* Other Frameworks */,
			);
			name = Frameworks;
			sourceTree = "<group>";
		};
		36D7E8DE17A57B8400885160 /* Other Frameworks */ = {
			isa = PBXGroup;
			children = (
				36D7E8DF17A57B8400885160 /* AppKit.framework */,
				36D7E8E017A57B8400885160 /* CoreData.framework */,
				36D7E8E117A57B8400885160 /* Foundation.framework */,
			);
			name = "Other Frameworks";
			sourceTree = "<group>";
		};
		36D7E8E217A57B8400885160 /* SendKeysSample */ = {
			isa = PBXGroup;
			children = (
				36D7E8EE17A57B8400885160 /* AppDelegate.h */,
				36D7E8EF17A57B8400885160 /* AppDelegate.m */,
				36D7E8F117A57B8400885160 /* MainMenu.xib */,
				36D7E8E317A57B8400885160 /* Supporting Files */,
			);
			path = SendKeysSample;
			sourceTree = "<group>";
		};
		36D7E8E317A57B8400885160 /* Supporting Files */ = {
			isa = PBXGroup;
			children = (
				36D7E8E417A57B8400885160 /* SendKeysSample-Info.plist */,
				36D7E8E517A57B8400885160 /* InfoPlist.strings */,
				36D7E8E817A57B8400885160 /* main.m */,
				36D7E8EA17A57B8400885160 /* SendKeysSample-Prefix.pch */,
				36D7E8EB17A57B8400885160 /* Credits.rtf */,
			);
			name = "Supporting Files";
			sourceTree = "<group>";
		};
/* End PBXGroup section */

/* Begin PBXNativeTarget section */
		36D7E8D817A57B8400885160 /* SendKeysSample */ = {
			isa = PBXNativeTarget;
			buildConfigurationList = 36D7E8F617A57B8400885160 /* Build configuration list for PBXNativeTarget "SendKeysSample" */;
			buildPhases = (
				36D7E8D517A57B8400885160 /* Sources */,
				36D7E8D617A57B8400885160 /* Frameworks */,
				36D7E8D717A57B8400885160 /* Resources */,
			);
			buildRules = (
			);
			dependencies = (
			);
			name = SendKeysSample;
			productName = SendKeysSample;
			productReference = 36D7E8D917A57B8400885160 /* SendKeysSample.app */;
			productType = "com.apple.product-type.application";
		};
/* End PBXNativeTarget section */

/* Begin PBXProject section */
		36D7E8D117A57B8400885160 /* Project object */ = {
			isa = PBXProject;
			attributes = {
				LastUpgradeCheck = 0460;
			};
			buildConfigurationList = 36D7E8D417A57B8400885160 /* Build configuration list for PBXProject "SendKeysSample" */;
			compatibilityVersion = "Xcode 3.2";
			developmentRegion = English;
			hasScannedForEncodings = 0;
			knownRegions = (
				en,
			);
			mainGroup = 36D7E8D017A57B8400885160;
			productRefGroup = 36D7E8DA17A57B8400885160 /* Products */;
			projectDirPath = "";
			projectRoot = "";
			targets = (
				36D7E8D817A57B8400885160 /* SendKeysSample */,
			);
		};
/* End PBXProject section */

/* Begin PBXResourcesBuildPhase section */
		36D7E8D717A57B8400885160 /* Resources */ = {
			isa = PBXResourcesBuildPhase;
			buildActionMask = 2147483647;
			files = (
				36D7E8E717A57B8400885160 /* InfoPlist.strings in Resources */,
				36D7E8ED17A57B8400885160 /* Credits.rtf in Resources */,
				36D7E8F317A57B8400885160 /* MainMenu.xib in Resources */,
			);
			runOnlyForDeploymentPostprocessing = 0;
		};
/* End PBXResourcesBuildPhase section */

/* Begin PBXSourcesBuildPhase section */
		36D7E8D517A57B8400885160 /* Sources */ = {
			isa = PBXSourcesBuildPhase;
			buildActionMask = 2147483647;
			files = (
				36D7E8E917A57B8400885160 /* main.m in Sources */,
				36D7E8F017A57B8400885160 /* AppDelegate.m in Sources */,
			);
			runOnlyForDeploymentPostprocessing = 0;
		};
/* End PBXSourcesBuildPhase section */

/* Begin PBXVariantGroup section */
		36D7E8E517A57B8400885160 /* InfoPlist.strings */ = {
			isa = PBXVariantGroup;
			children = (
				36D7E8E617A57B8400885160 /* en */,
			);
			name = InfoPlist.strings;
			sourceTree = "<group>";
		};
		36D7E8EB17A57B8400885160 /* Credits.rtf */ = {
			isa = PBXVariantGroup;
			children = (
				36D7E8EC17A57B8400885160 /* en */,
			);
			name = Credits.rtf;
			sourceTree = "<group>";
		};
		36D7E8F117A57B8400885160 /* MainMenu.xib */ = {
			isa = PBXVariantGroup;
			children = (
				36D7E8F217A57B8400885160 /* en */,
			);
			name = MainMenu.xib;
			sourceTree = "<group>";
		};
/* End PBXVariantGroup section */

/* Begin XCBuildConfiguration section */
		36D7E8F417A57B8400885160 /* Debug */ = {
			isa = XCBuildConfiguration;
			buildSettings = {
				ALWAYS_SEARCH_USER_PATHS = NO;
				ARCHS = "$(ARCHS_STANDARD_64_BIT)";
				CLANG_CXX_LANGUAGE_STANDARD = "gnu++0x";
				CLANG_CXX_LIBRARY = "libc++";
				CLANG_ENABLE_OBJC_ARC = YES;
				CLANG_WARN_CONSTANT_CONVERSION = YES;
				CLANG_WARN_EMPTY_BODY = YES;
				CLANG_WARN_ENUM_CONVERSION = YES;
				CLANG_WARN_INT_CONVERSION = YES;
				CLANG_WARN__DUPLICATE_METHOD_MATCH = YES;
				COPY_PHASE_STRIP = NO;
				GCC_C_LANGUAGE_STANDARD = gnu99;
				GCC_DYNAMIC_NO_PIC = NO;
				GCC_ENABLE_OBJC_EXCEPTIONS = YES;
				GCC_OPTIMIZATION_LEVEL = 0;
				GCC_PREPROCESSOR_DEFINITIONS = (
					"DEBUG=1",
					"$(inherited)",
				);
				GCC_SYMBOLS_PRIVATE_EXTERN = NO;
				GCC_WARN_64_TO_32_BIT_CONVERSION = YES;
				GCC_WARN_ABOUT_RETURN_TYPE = YES;
				GCC_WARN_UNINITIALIZED_AUTOS = YES;
				GCC_WARN_UNUSED_VARIABLE = YES;
				MACOSX_DEPLOYMENT_TARGET = 10.8;
				ONLY_ACTIVE_ARCH = YES;
				SDKROOT = macosx;
			};
			name = Debug;
		};
		36D7E8F517A57B8400885160 /* Release */ = {
			isa = XCBuildConfiguration;
			buildSettings = {
				ALWAYS_SEARCH_USER_PATHS = NO;
				ARCHS = "$(ARCHS_STANDARD_64_BIT)";
				CLANG_CXX_LANGUAGE_STANDARD = "gnu++0x";
				CLANG_CXX_LIBRARY = "libc++";
				CLANG_ENABLE_OBJC_ARC = YES;
				CLANG_WARN_CONSTANT_CONVERSION = YES;
				CLANG_WARN_EMPTY_BODY = YES;
				CLANG_WARN_ENUM_CONVERSION = YES;
				CLANG_WARN_INT_CONVERSION = YES;
				CLANG_WARN__DUPLICATE_METHOD_MATCH = YES;
				COPY_PHASE_STRIP = YES;
				DEBUG_INFORMATION_FORMAT = "dwarf-with-dsym";
				GCC_C_LANGUAGE_STANDARD = gnu99;
				GCC_ENABLE_OBJC_EXCEPTIONS = YES;
				GCC_WARN_64_TO_32_BIT_CONVERSION = YES;
				GCC_WARN_ABOUT_RETURN_TYPE = YES;
				GCC_WARN_UNINITIALIZED_AUTOS = YES;
				GCC_WARN_UNUSED_VARIABLE = YES;
				MACOSX_DEPLOYMENT_TARGET = 10.8;
				SDKROOT = macosx;
			};
			name = Release;
		};
		36D7E8F717A57B8400885160 /* Debug */ = {
			isa = XCBuildConfiguration;
			buildSettings = {
				COMBINE_HIDPI_IMAGES = YES;
				GCC_PRECOMPILE_PREFIX_HEADER = YES;
				GCC_PREFIX_HEADER = "SendKeysSample/SendKeysSample-Prefix.pch";
				INFOPLIST_FILE = "SendKeysSample/SendKeysSample-Info.plist";
				PRODUCT_NAME = "$(TARGET_NAME)";
				WRAPPER_EXTENSION = app;
			};
			name = Debug;
		};
		36D7E8F817A57B8400885160 /* Release */ = {
			isa = XCBuildConfiguration;
			buildSettings = {
				COMBINE_HIDPI_IMAGES = YES;
				GCC_PRECOMPILE_PREFIX_HEADER = YES;
				GCC_PREFIX_HEADER = "SendKeysSample/SendKeysSample-Prefix.pch";
				INFOPLIST_FILE = "SendKeysSample/SendKeysSample-Info.plist";
				PRODUCT_NAME = "$(TARGET_NAME)";
				WRAPPER_EXTENSION = app;
			};
			name = Release;
		};
/* End XCBuildConfiguration section */

/* Begin XCConfigurationList section */
		36D7E8D417A57B8400885160 /* Build configuration list for PBXProject "SendKeysSample" */ = {
			isa = XCConfigurationList;
			buildConfigurations = (
				36D7E8F417A57B8400885160 /* Debug */,
				36D7E8F517A57B8400885160 /* Release */,
			);
			defaultConfigurationIsVisible = 0;
			defaultConfigurationName = Release;
		};
		36D7E8F617A57B8400885160 /* Build configuration list for PBXNativeTarget "SendKeysSample" */ = {
			isa = XCConfigurationList;
			buildConfigurations = (
				36D7E8F717A57B8400885160 /* Debug */,
				36D7E8F817A57B8400885160 /* Release */,
			);
			defaultConfigurationIsVisible = 0;
		};
/* End XCConfigurationList section */
	};
	rootObject = 36D7E8D117A57B8400885160 /* Project object */;
}
